
Microsoft Visual Studio Solution File, Format Version 12.00
# Visual Studio Version 17
VisualStudioVersion = 17.6.33801.468
MinimumVisualStudioVersion = 10.0.40219.1
Project("{FAE04EC0-301F-11D3-BF4B-00C04F79EFBC}") = "Chain of Responsibility Pattern", "Chain of Responsibility Pattern.csproj", "{E14F49EF-8288-42C7-BE16-3A73A1341250}"
EndProject
Global
	GlobalSection(SolutionConfigurationPlatforms) = preSolution
		Debug|Any CPU = Debug|Any CPU
		Release|Any CPU = Release|Any CPU
	EndGlobalSection
	GlobalSection(ProjectConfigurationPlatforms) = postSolution
		{E14F49EF-8288-42C7-BE16-3A73A1341250}.Debug|Any CPU.ActiveCfg = Debug|Any CPU
		{E14F49EF-8288-42C7-BE16-3A73A1341250}.Debug|Any CPU.Build.0 = Debug|Any CPU
		{E14F49EF-8288-42C7-BE16-3A73A1341250}.Release|Any CPU.ActiveCfg = Release|Any CPU
		{E14F49EF-8288-42C7-BE16-3A73A1341250}.Release|Any CPU.Build.0 = Release|Any CPU
	EndGlobalSection
	GlobalSection(SolutionProperties) = preSolution
		HideSolutionNode = FALSE
	EndGlobalSection
	GlobalSection(ExtensibilityGlobals) = postSolution
		SolutionGuid = {5B89AD70-EAAA-4FA3-A49C-673111D63D8B}
	EndGlobalSection
EndGlobal
